// !$*UTF8*$!
{
	archiveVersion = 1;
	classes = {
	};
	objectVersion = 56;
	objects = {

/* Begin PBXBuildFile section */
		D307999A2AD7154600D11D60 /* CountryModel.swift in Sources */ = {isa = PBXBuildFile; fileRef = D30799992AD7154600D11D60 /* CountryModel.swift */; };
		D34D4B4D2AD7F97D00D03029 /* measureTime.swift in Sources */ = {isa = PBXBuildFile; fileRef = D34D4B4C2AD7F97D00D03029 /* measureTime.swift */; };
		D34F54B92AD1F3AC00347E99 /* PlayingStation.swift in Sources */ = {isa = PBXBuildFile; fileRef = D34F54B82AD1F3AC00347E99 /* PlayingStation.swift */; };
		D34F54DC2AD2DAB600347E99 /* StationModel.swift in Sources */ = {isa = PBXBuildFile; fileRef = D34F54DB2AD2DAB600347E99 /* StationModel.swift */; };
		D359A7652AD0509B004A292B /* radioApp.swift in Sources */ = {isa = PBXBuildFile; fileRef = D359A7642AD0509B004A292B /* radioApp.swift */; };
		D359A7672AD0509B004A292B /* ContentView.swift in Sources */ = {isa = PBXBuildFile; fileRef = D359A7662AD0509B004A292B /* ContentView.swift */; };
		D359A7692AD0509C004A292B /* Assets.xcassets in Resources */ = {isa = PBXBuildFile; fileRef = D359A7682AD0509C004A292B /* Assets.xcassets */; };
		D359A76C2AD0509C004A292B /* Preview Assets.xcassets in Resources */ = {isa = PBXBuildFile; fileRef = D359A76B2AD0509C004A292B /* Preview Assets.xcassets */; };
		D359A7732AD05105004A292B /* AudioModel.swift in Sources */ = {isa = PBXBuildFile; fileRef = D359A7722AD05105004A292B /* AudioModel.swift */; };
		D359A7782AD05125004A292B /* StationRowView.swift in Sources */ = {isa = PBXBuildFile; fileRef = D359A7752AD05125004A292B /* StationRowView.swift */; };
		D359A7792AD05125004A292B /* StationsController.swift in Sources */ = {isa = PBXBuildFile; fileRef = D359A7762AD05125004A292B /* StationsController.swift */; };
		D359A77A2AD05125004A292B /* StationsListView.swift in Sources */ = {isa = PBXBuildFile; fileRef = D359A7772AD05125004A292B /* StationsListView.swift */; };
		D359A77C2AD05156004A292B /* Connection.swift in Sources */ = {isa = PBXBuildFile; fileRef = D359A77B2AD05156004A292B /* Connection.swift */; };
		D359A7812AD05166004A292B /* CountriesController.swift in Sources */ = {isa = PBXBuildFile; fileRef = D359A77E2AD05166004A292B /* CountriesController.swift */; };
		D359A7822AD05166004A292B /* CountryRowView.swift in Sources */ = {isa = PBXBuildFile; fileRef = D359A77F2AD05166004A292B /* CountryRowView.swift */; };
		D359A7832AD05166004A292B /* CountriesListView.swift in Sources */ = {isa = PBXBuildFile; fileRef = D359A7802AD05166004A292B /* CountriesListView.swift */; };
		D359A7872AD06777004A292B /* LibraryView.swift in Sources */ = {isa = PBXBuildFile; fileRef = D359A7862AD06777004A292B /* LibraryView.swift */; };
		D359A7892AD07986004A292B /* BlurView.swift in Sources */ = {isa = PBXBuildFile; fileRef = D359A7882AD07986004A292B /* BlurView.swift */; };
		D359A78B2AD07B77004A292B /* MiniplayerView.swift in Sources */ = {isa = PBXBuildFile; fileRef = D359A78A2AD07B77004A292B /* MiniplayerView.swift */; };
		D38C155B2AD09D3D009E831D /* CachedStation.swift in Sources */ = {isa = PBXBuildFile; fileRef = D38C155A2AD09D34009E831D /* CachedStation.swift */; };
		D38C15602AD0D22A009E831D /* SimpleCodable in Frameworks */ = {isa = PBXBuildFile; productRef = D38C155F2AD0D22A009E831D /* SimpleCodable */; };
		D38C15622AD0D22A009E831D /* SimpleCodableClient in Frameworks */ = {isa = PBXBuildFile; productRef = D38C15612AD0D22A009E831D /* SimpleCodableClient */; };
		D3CCC41E2AD2EC540069F900 /* cachedFaviconImage.swift in Sources */ = {isa = PBXBuildFile; fileRef = D3CCC41D2AD2EC540069F900 /* cachedFaviconImage.swift */; };
		D3CCC4202AD2F3850069F900 /* LibraryTile.swift in Sources */ = {isa = PBXBuildFile; fileRef = D3CCC41F2AD2F3850069F900 /* LibraryTile.swift */; };
		D3CCC4222AD2FB870069F900 /* ShazamButton.swift in Sources */ = {isa = PBXBuildFile; fileRef = D3CCC4212AD2FB870069F900 /* ShazamButton.swift */; };
		D3F492792AD1B5FC007DD232 /* LibraryListView.swift in Sources */ = {isa = PBXBuildFile; fileRef = D3F492782AD1B5FC007DD232 /* LibraryListView.swift */; };
/* End PBXBuildFile section */

/* Begin PBXFileReference section */
		D30799992AD7154600D11D60 /* CountryModel.swift */ = {isa = PBXFileReference; lastKnownFileType = sourcecode.swift; path = CountryModel.swift; sourceTree = "<group>"; };
		D34D4B4C2AD7F97D00D03029 /* measureTime.swift */ = {isa = PBXFileReference; lastKnownFileType = sourcecode.swift; path = measureTime.swift; sourceTree = "<group>"; };
		D34F54B82AD1F3AC00347E99 /* PlayingStation.swift */ = {isa = PBXFileReference; lastKnownFileType = sourcecode.swift; path = PlayingStation.swift; sourceTree = "<group>"; };
		D34F54DB2AD2DAB600347E99 /* StationModel.swift */ = {isa = PBXFileReference; lastKnownFileType = sourcecode.swift; path = StationModel.swift; sourceTree = "<group>"; };
		D359A7612AD0509B004A292B /* Radio.app */ = {isa = PBXFileReference; explicitFileType = wrapper.application; includeInIndex = 0; path = Radio.app; sourceTree = BUILT_PRODUCTS_DIR; };
		D359A7642AD0509B004A292B /* radioApp.swift */ = {isa = PBXFileReference; lastKnownFileType = sourcecode.swift; path = radioApp.swift; sourceTree = "<group>"; };
		D359A7662AD0509B004A292B /* ContentView.swift */ = {isa = PBXFileReference; lastKnownFileType = sourcecode.swift; path = ContentView.swift; sourceTree = "<group>"; };
		D359A7682AD0509C004A292B /* Assets.xcassets */ = {isa = PBXFileReference; lastKnownFileType = folder.assetcatalog; path = Assets.xcassets; sourceTree = "<group>"; };
		D359A76B2AD0509C004A292B /* Preview Assets.xcassets */ = {isa = PBXFileReference; lastKnownFileType = folder.assetcatalog; path = "Preview Assets.xcassets"; sourceTree = "<group>"; };
		D359A7722AD05105004A292B /* AudioModel.swift */ = {isa = PBXFileReference; lastKnownFileType = sourcecode.swift; path = AudioModel.swift; sourceTree = "<group>"; };
		D359A7752AD05125004A292B /* StationRowView.swift */ = {isa = PBXFileReference; fileEncoding = 4; lastKnownFileType = sourcecode.swift; path = StationRowView.swift; sourceTree = "<group>"; };
		D359A7762AD05125004A292B /* StationsController.swift */ = {isa = PBXFileReference; fileEncoding = 4; lastKnownFileType = sourcecode.swift; path = StationsController.swift; sourceTree = "<group>"; };
		D359A7772AD05125004A292B /* StationsListView.swift */ = {isa = PBXFileReference; fileEncoding = 4; lastKnownFileType = sourcecode.swift; path = StationsListView.swift; sourceTree = "<group>"; };
		D359A77B2AD05156004A292B /* Connection.swift */ = {isa = PBXFileReference; fileEncoding = 4; lastKnownFileType = sourcecode.swift; path = Connection.swift; sourceTree = "<group>"; };
		D359A77E2AD05166004A292B /* CountriesController.swift */ = {isa = PBXFileReference; fileEncoding = 4; lastKnownFileType = sourcecode.swift; path = CountriesController.swift; sourceTree = "<group>"; };
		D359A77F2AD05166004A292B /* CountryRowView.swift */ = {isa = PBXFileReference; fileEncoding = 4; lastKnownFileType = sourcecode.swift; path = CountryRowView.swift; sourceTree = "<group>"; };
		D359A7802AD05166004A292B /* CountriesListView.swift */ = {isa = PBXFileReference; fileEncoding = 4; lastKnownFileType = sourcecode.swift; path = CountriesListView.swift; sourceTree = "<group>"; };
		D359A7852AD0581F004A292B /* Info.plist */ = {isa = PBXFileReference; lastKnownFileType = text.plist; name = Info.plist; path = Radio/Info.plist; sourceTree = "<group>"; };
		D359A7862AD06777004A292B /* LibraryView.swift */ = {isa = PBXFileReference; lastKnownFileType = sourcecode.swift; path = LibraryView.swift; sourceTree = "<group>"; };
		D359A7882AD07986004A292B /* BlurView.swift */ = {isa = PBXFileReference; lastKnownFileType = sourcecode.swift; path = BlurView.swift; sourceTree = "<group>"; };
		D359A78A2AD07B77004A292B /* MiniplayerView.swift */ = {isa = PBXFileReference; lastKnownFileType = sourcecode.swift; path = MiniplayerView.swift; sourceTree = "<group>"; };
		D38C155A2AD09D34009E831D /* CachedStation.swift */ = {isa = PBXFileReference; lastKnownFileType = sourcecode.swift; path = CachedStation.swift; sourceTree = "<group>"; };
		D3CCC41D2AD2EC540069F900 /* cachedFaviconImage.swift */ = {isa = PBXFileReference; lastKnownFileType = sourcecode.swift; path = cachedFaviconImage.swift; sourceTree = "<group>"; };
		D3CCC41F2AD2F3850069F900 /* LibraryTile.swift */ = {isa = PBXFileReference; lastKnownFileType = sourcecode.swift; path = LibraryTile.swift; sourceTree = "<group>"; };
		D3CCC4212AD2FB870069F900 /* ShazamButton.swift */ = {isa = PBXFileReference; lastKnownFileType = sourcecode.swift; path = ShazamButton.swift; sourceTree = "<group>"; };
		D3F492782AD1B5FC007DD232 /* LibraryListView.swift */ = {isa = PBXFileReference; lastKnownFileType = sourcecode.swift; path = LibraryListView.swift; sourceTree = "<group>"; };
/* End PBXFileReference section */

/* Begin PBXFrameworksBuildPhase section */
		D359A75E2AD0509B004A292B /* Frameworks */ = {
			isa = PBXFrameworksBuildPhase;
			buildActionMask = 2147483647;
			files = (
				D38C15622AD0D22A009E831D /* SimpleCodableClient in Frameworks */,
				D38C15602AD0D22A009E831D /* SimpleCodable in Frameworks */,
			);
			runOnlyForDeploymentPostprocessing = 0;
		};
/* End PBXFrameworksBuildPhase section */

/* Begin PBXGroup section */
		D30799962AD7011E00D11D60 /* Discover */ = {
			isa = PBXGroup;
			children = (
				D359A77D2AD05166004A292B /* Countries */,
				D359A7742AD05125004A292B /* Stations */,
			);
			path = Discover;
			sourceTree = "<group>";
		};
		D359A7582AD0509B004A292B = {
			isa = PBXGroup;
			children = (
				D359A7852AD0581F004A292B /* Info.plist */,
				D359A7632AD0509B004A292B /* radio */,
				D359A7622AD0509B004A292B /* Products */,
			);
			sourceTree = "<group>";
		};
		D359A7622AD0509B004A292B /* Products */ = {
			isa = PBXGroup;
			children = (
				D359A7612AD0509B004A292B /* Radio.app */,
			);
			name = Products;
			sourceTree = "<group>";
		};
		D359A7632AD0509B004A292B /* radio */ = {
			isa = PBXGroup;
			children = (
				D34D4B4C2AD7F97D00D03029 /* measureTime.swift */,
				D359A7642AD0509B004A292B /* radioApp.swift */,
				D359A7662AD0509B004A292B /* ContentView.swift */,
				D3F492772AD1B5A7007DD232 /* Library */,
				D30799962AD7011E00D11D60 /* Discover */,
				D3A1FBFF2AD1E95E00B4E77C /* Miniplayer */,
				D359A77B2AD05156004A292B /* Connection.swift */,
				D359A7722AD05105004A292B /* AudioModel.swift */,
				D359A7682AD0509C004A292B /* Assets.xcassets */,
				D359A76A2AD0509C004A292B /* Preview Content */,
			);
			path = radio;
			sourceTree = "<group>";
		};
		D359A76A2AD0509C004A292B /* Preview Content */ = {
			isa = PBXGroup;
			children = (
				D359A76B2AD0509C004A292B /* Preview Assets.xcassets */,
			);
			path = "Preview Content";
			sourceTree = "<group>";
		};
		D359A7742AD05125004A292B /* Stations */ = {
			isa = PBXGroup;
			children = (
				D359A7842AD053E1004A292B /* Views */,
				D38C155A2AD09D34009E831D /* CachedStation.swift */,
				D34F54B82AD1F3AC00347E99 /* PlayingStation.swift */,
				D34F54DB2AD2DAB600347E99 /* StationModel.swift */,
			);
			path = Stations;
			sourceTree = "<group>";
		};
		D359A77D2AD05166004A292B /* Countries */ = {
			isa = PBXGroup;
			children = (
				D359A77E2AD05166004A292B /* CountriesController.swift */,
				D359A7802AD05166004A292B /* CountriesListView.swift */,
				D359A77F2AD05166004A292B /* CountryRowView.swift */,
				D30799992AD7154600D11D60 /* CountryModel.swift */,
			);
			path = Countries;
			sourceTree = "<group>";
		};
		D359A7842AD053E1004A292B /* Views */ = {
			isa = PBXGroup;
			children = (
				D359A7762AD05125004A292B /* StationsController.swift */,
				D359A7772AD05125004A292B /* StationsListView.swift */,
				D359A7752AD05125004A292B /* StationRowView.swift */,
			);
			path = Views;
			sourceTree = "<group>";
		};
		D3A1FBFF2AD1E95E00B4E77C /* Miniplayer */ = {
			isa = PBXGroup;
			children = (
				D359A78A2AD07B77004A292B /* MiniplayerView.swift */,
				D3CCC4212AD2FB870069F900 /* ShazamButton.swift */,
				D359A7882AD07986004A292B /* BlurView.swift */,
			);
			path = Miniplayer;
			sourceTree = "<group>";
		};
		D3F492772AD1B5A7007DD232 /* Library */ = {
			isa = PBXGroup;
			children = (
				D359A7862AD06777004A292B /* LibraryView.swift */,
				D3CCC41F2AD2F3850069F900 /* LibraryTile.swift */,
				D3CCC41D2AD2EC540069F900 /* cachedFaviconImage.swift */,
				D3F492782AD1B5FC007DD232 /* LibraryListView.swift */,
			);
			path = Library;
			sourceTree = "<group>";
		};
/* End PBXGroup section */

/* Begin PBXNativeTarget section */
		D359A7602AD0509B004A292B /* Radio */ = {
			isa = PBXNativeTarget;
			buildConfigurationList = D359A76F2AD0509C004A292B /* Build configuration list for PBXNativeTarget "Radio" */;
			buildPhases = (
				D359A75D2AD0509B004A292B /* Sources */,
				D359A75E2AD0509B004A292B /* Frameworks */,
				D359A75F2AD0509B004A292B /* Resources */,
			);
			buildRules = (
			);
			dependencies = (
			);
			name = Radio;
			packageProductDependencies = (
				D38C155F2AD0D22A009E831D /* SimpleCodable */,
				D38C15612AD0D22A009E831D /* SimpleCodableClient */,
			);
			productName = radio;
			productReference = D359A7612AD0509B004A292B /* Radio.app */;
			productType = "com.apple.product-type.application";
		};
/* End PBXNativeTarget section */

/* Begin PBXProject section */
		D359A7592AD0509B004A292B /* Project object */ = {
			isa = PBXProject;
			attributes = {
				BuildIndependentTargetsInParallel = 1;
				LastSwiftUpdateCheck = 1500;
				LastUpgradeCheck = 1500;
				TargetAttributes = {
					D359A7602AD0509B004A292B = {
						CreatedOnToolsVersion = 15.0;
					};
				};
			};
			buildConfigurationList = D359A75C2AD0509B004A292B /* Build configuration list for PBXProject "Radio" */;
			compatibilityVersion = "Xcode 14.0";
			developmentRegion = en;
			hasScannedForEncodings = 0;
			knownRegions = (
				en,
				Base,
			);
			mainGroup = D359A7582AD0509B004A292B;
			packageReferences = (
				D38C155E2AD0D22A009E831D /* XCRemoteSwiftPackageReference "SimpleCodableMacro" */,
			);
			productRefGroup = D359A7622AD0509B004A292B /* Products */;
			projectDirPath = "";
			projectRoot = "";
			targets = (
				D359A7602AD0509B004A292B /* Radio */,
			);
		};
/* End PBXProject section */

/* Begin PBXResourcesBuildPhase section */
		D359A75F2AD0509B004A292B /* Resources */ = {
			isa = PBXResourcesBuildPhase;
			buildActionMask = 2147483647;
			files = (
				D359A76C2AD0509C004A292B /* Preview Assets.xcassets in Resources */,
				D359A7692AD0509C004A292B /* Assets.xcassets in Resources */,
			);
			runOnlyForDeploymentPostprocessing = 0;
		};
/* End PBXResourcesBuildPhase section */

/* Begin PBXSourcesBuildPhase section */
		D359A75D2AD0509B004A292B /* Sources */ = {
			isa = PBXSourcesBuildPhase;
			buildActionMask = 2147483647;
			files = (
				D359A7782AD05125004A292B /* StationRowView.swift in Sources */,
				D359A7672AD0509B004A292B /* ContentView.swift in Sources */,
				D307999A2AD7154600D11D60 /* CountryModel.swift in Sources */,
				D34F54B92AD1F3AC00347E99 /* PlayingStation.swift in Sources */,
				D359A77A2AD05125004A292B /* StationsListView.swift in Sources */,
				D359A7812AD05166004A292B /* CountriesController.swift in Sources */,
				D3CCC4222AD2FB870069F900 /* ShazamButton.swift in Sources */,
				D3F492792AD1B5FC007DD232 /* LibraryListView.swift in Sources */,
				D3CCC41E2AD2EC540069F900 /* cachedFaviconImage.swift in Sources */,
				D359A7652AD0509B004A292B /* radioApp.swift in Sources */,
				D359A7892AD07986004A292B /* BlurView.swift in Sources */,
				D3CCC4202AD2F3850069F900 /* LibraryTile.swift in Sources */,
				D38C155B2AD09D3D009E831D /* CachedStation.swift in Sources */,
				D359A7822AD05166004A292B /* CountryRowView.swift in Sources */,
				D359A7792AD05125004A292B /* StationsController.swift in Sources */,
				D359A7872AD06777004A292B /* LibraryView.swift in Sources */,
				D359A7732AD05105004A292B /* AudioModel.swift in Sources */,
				D359A78B2AD07B77004A292B /* MiniplayerView.swift in Sources */,
				D359A77C2AD05156004A292B /* Connection.swift in Sources */,
				D34F54DC2AD2DAB600347E99 /* StationModel.swift in Sources */,
				D359A7832AD05166004A292B /* CountriesListView.swift in Sources */,
				D34D4B4D2AD7F97D00D03029 /* measureTime.swift in Sources */,
			);
			runOnlyForDeploymentPostprocessing = 0;
		};
/* End PBXSourcesBuildPhase section */

/* Begin XCBuildConfiguration section */
		D359A76D2AD0509C004A292B /* Debug */ = {
			isa = XCBuildConfiguration;
			buildSettings = {
				ALWAYS_SEARCH_USER_PATHS = NO;
				ASSETCATALOG_COMPILER_GENERATE_SWIFT_ASSET_SYMBOL_EXTENSIONS = YES;
				CLANG_ANALYZER_NONNULL = YES;
				CLANG_ANALYZER_NUMBER_OBJECT_CONVERSION = YES_AGGRESSIVE;
				CLANG_CXX_LANGUAGE_STANDARD = "gnu++20";
				CLANG_ENABLE_MODULES = YES;
				CLANG_ENABLE_OBJC_ARC = YES;
				CLANG_ENABLE_OBJC_WEAK = YES;
				CLANG_WARN_BLOCK_CAPTURE_AUTORELEASING = YES;
				CLANG_WARN_BOOL_CONVERSION = YES;
				CLANG_WARN_COMMA = YES;
				CLANG_WARN_CONSTANT_CONVERSION = YES;
				CLANG_WARN_DEPRECATED_OBJC_IMPLEMENTATIONS = YES;
				CLANG_WARN_DIRECT_OBJC_ISA_USAGE = YES_ERROR;
				CLANG_WARN_DOCUMENTATION_COMMENTS = YES;
				CLANG_WARN_EMPTY_BODY = YES;
				CLANG_WARN_ENUM_CONVERSION = YES;
				CLANG_WARN_INFINITE_RECURSION = YES;
				CLANG_WARN_INT_CONVERSION = YES;
				CLANG_WARN_NON_LITERAL_NULL_CONVERSION = YES;
				CLANG_WARN_OBJC_IMPLICIT_RETAIN_SELF = YES;
				CLANG_WARN_OBJC_LITERAL_CONVERSION = YES;
				CLANG_WARN_OBJC_ROOT_CLASS = YES_ERROR;
				CLANG_WARN_QUOTED_INCLUDE_IN_FRAMEWORK_HEADER = YES;
				CLANG_WARN_RANGE_LOOP_ANALYSIS = YES;
				CLANG_WARN_STRICT_PROTOTYPES = YES;
				CLANG_WARN_SUSPICIOUS_MOVE = YES;
				CLANG_WARN_UNGUARDED_AVAILABILITY = YES_AGGRESSIVE;
				CLANG_WARN_UNREACHABLE_CODE = YES;
				CLANG_WARN__DUPLICATE_METHOD_MATCH = YES;
				COPY_PHASE_STRIP = NO;
				DEBUG_INFORMATION_FORMAT = dwarf;
				ENABLE_STRICT_OBJC_MSGSEND = YES;
				ENABLE_TESTABILITY = YES;
				ENABLE_USER_SCRIPT_SANDBOXING = YES;
				GCC_C_LANGUAGE_STANDARD = gnu17;
				GCC_DYNAMIC_NO_PIC = NO;
				GCC_NO_COMMON_BLOCKS = YES;
				GCC_OPTIMIZATION_LEVEL = 0;
				GCC_PREPROCESSOR_DEFINITIONS = (
					"DEBUG=1",
					"$(inherited)",
				);
				GCC_WARN_64_TO_32_BIT_CONVERSION = YES;
				GCC_WARN_ABOUT_RETURN_TYPE = YES_ERROR;
				GCC_WARN_UNDECLARED_SELECTOR = YES;
				GCC_WARN_UNINITIALIZED_AUTOS = YES_AGGRESSIVE;
				GCC_WARN_UNUSED_FUNCTION = YES;
				GCC_WARN_UNUSED_VARIABLE = YES;
				IPHONEOS_DEPLOYMENT_TARGET = 17.0;
				LOCALIZATION_PREFERS_STRING_CATALOGS = YES;
				MTL_ENABLE_DEBUG_INFO = INCLUDE_SOURCE;
				MTL_FAST_MATH = YES;
				ONLY_ACTIVE_ARCH = YES;
				SDKROOT = iphoneos;
				SWIFT_ACTIVE_COMPILATION_CONDITIONS = "DEBUG $(inherited)";
				SWIFT_OPTIMIZATION_LEVEL = "-Onone";
			};
			name = Debug;
		};
		D359A76E2AD0509C004A292B /* Release */ = {
			isa = XCBuildConfiguration;
			buildSettings = {
				ALWAYS_SEARCH_USER_PATHS = NO;
				ASSETCATALOG_COMPILER_GENERATE_SWIFT_ASSET_SYMBOL_EXTENSIONS = YES;
				CLANG_ANALYZER_NONNULL = YES;
				CLANG_ANALYZER_NUMBER_OBJECT_CONVERSION = YES_AGGRESSIVE;
				CLANG_CXX_LANGUAGE_STANDARD = "gnu++20";
				CLANG_ENABLE_MODULES = YES;
				CLANG_ENABLE_OBJC_ARC = YES;
				CLANG_ENABLE_OBJC_WEAK = YES;
				CLANG_WARN_BLOCK_CAPTURE_AUTORELEASING = YES;
				CLANG_WARN_BOOL_CONVERSION = YES;
				CLANG_WARN_COMMA = YES;
				CLANG_WARN_CONSTANT_CONVERSION = YES;
				CLANG_WARN_DEPRECATED_OBJC_IMPLEMENTATIONS = YES;
				CLANG_WARN_DIRECT_OBJC_ISA_USAGE = YES_ERROR;
				CLANG_WARN_DOCUMENTATION_COMMENTS = YES;
				CLANG_WARN_EMPTY_BODY = YES;
				CLANG_WARN_ENUM_CONVERSION = YES;
				CLANG_WARN_INFINITE_RECURSION = YES;
				CLANG_WARN_INT_CONVERSION = YES;
				CLANG_WARN_NON_LITERAL_NULL_CONVERSION = YES;
				CLANG_WARN_OBJC_IMPLICIT_RETAIN_SELF = YES;
				CLANG_WARN_OBJC_LITERAL_CONVERSION = YES;
				CLANG_WARN_OBJC_ROOT_CLASS = YES_ERROR;
				CLANG_WARN_QUOTED_INCLUDE_IN_FRAMEWORK_HEADER = YES;
				CLANG_WARN_RANGE_LOOP_ANALYSIS = YES;
				CLANG_WARN_STRICT_PROTOTYPES = YES;
				CLANG_WARN_SUSPICIOUS_MOVE = YES;
				CLANG_WARN_UNGUARDED_AVAILABILITY = YES_AGGRESSIVE;
				CLANG_WARN_UNREACHABLE_CODE = YES;
				CLANG_WARN__DUPLICATE_METHOD_MATCH = YES;
				COPY_PHASE_STRIP = NO;
				DEBUG_INFORMATION_FORMAT = "dwarf-with-dsym";
				ENABLE_NS_ASSERTIONS = NO;
				ENABLE_STRICT_OBJC_MSGSEND = YES;
				ENABLE_USER_SCRIPT_SANDBOXING = YES;
				GCC_C_LANGUAGE_STANDARD = gnu17;
				GCC_NO_COMMON_BLOCKS = YES;
				GCC_WARN_64_TO_32_BIT_CONVERSION = YES;
				GCC_WARN_ABOUT_RETURN_TYPE = YES_ERROR;
				GCC_WARN_UNDECLARED_SELECTOR = YES;
				GCC_WARN_UNINITIALIZED_AUTOS = YES_AGGRESSIVE;
				GCC_WARN_UNUSED_FUNCTION = YES;
				GCC_WARN_UNUSED_VARIABLE = YES;
				IPHONEOS_DEPLOYMENT_TARGET = 17.0;
				LOCALIZATION_PREFERS_STRING_CATALOGS = YES;
				MTL_ENABLE_DEBUG_INFO = NO;
				MTL_FAST_MATH = YES;
				SDKROOT = iphoneos;
				SWIFT_COMPILATION_MODE = wholemodule;
				VALIDATE_PRODUCT = YES;
			};
			name = Release;
		};
		D359A7702AD0509C004A292B /* Debug */ = {
			isa = XCBuildConfiguration;
			buildSettings = {
				ASSETCATALOG_COMPILER_APPICON_NAME = AppIcon;
				ASSETCATALOG_COMPILER_GLOBAL_ACCENT_COLOR_NAME = AccentColor;
				CODE_SIGN_STYLE = Automatic;
				CURRENT_PROJECT_VERSION = 1;
				DEVELOPMENT_ASSET_PATHS = "\"radio/Preview Content\"";
				DEVELOPMENT_TEAM = H3FWGWY229;
				ENABLE_PREVIEWS = YES;
				GENERATE_INFOPLIST_FILE = YES;
				INFOPLIST_FILE = Radio/Info.plist;
				INFOPLIST_KEY_UIApplicationSceneManifest_Generation = YES;
				INFOPLIST_KEY_UIApplicationSupportsIndirectInputEvents = YES;
				INFOPLIST_KEY_UILaunchScreen_Generation = YES;
				INFOPLIST_KEY_UISupportedInterfaceOrientations_iPad = "UIInterfaceOrientationPortrait UIInterfaceOrientationPortraitUpsideDown UIInterfaceOrientationLandscapeLeft UIInterfaceOrientationLandscapeRight";
				INFOPLIST_KEY_UISupportedInterfaceOrientations_iPhone = "UIInterfaceOrientationPortrait UIInterfaceOrientationLandscapeLeft UIInterfaceOrientationLandscapeRight";
				LD_RUNPATH_SEARCH_PATHS = (
					"$(inherited)",
					"@executable_path/Frameworks",
				);
				MARKETING_VERSION = 1.0;
				PRODUCT_BUNDLE_IDENTIFIER = delight.me.radio;
				PRODUCT_NAME = "$(TARGET_NAME)";
				SWIFT_EMIT_LOC_STRINGS = YES;
				SWIFT_VERSION = 5.0;
				TARGETED_DEVICE_FAMILY = "1,2";
			};
			name = Debug;
		};
		D359A7712AD0509C004A292B /* Release */ = {
			isa = XCBuildConfiguration;
			buildSettings = {
				ASSETCATALOG_COMPILER_APPICON_NAME = AppIcon;
				ASSETCATALOG_COMPILER_GLOBAL_ACCENT_COLOR_NAME = AccentColor;
				CODE_SIGN_STYLE = Automatic;
				CURRENT_PROJECT_VERSION = 1;
				DEVELOPMENT_ASSET_PATHS = "\"radio/Preview Content\"";
				DEVELOPMENT_TEAM = H3FWGWY229;
				ENABLE_PREVIEWS = YES;
				GENERATE_INFOPLIST_FILE = YES;
				INFOPLIST_FILE = Radio/Info.plist;
				INFOPLIST_KEY_UIApplicationSceneManifest_Generation = YES;
				INFOPLIST_KEY_UIApplicationSupportsIndirectInputEvents = YES;
				INFOPLIST_KEY_UILaunchScreen_Generation = YES;
				INFOPLIST_KEY_UISupportedInterfaceOrientations_iPad = "UIInterfaceOrientationPortrait UIInterfaceOrientationPortraitUpsideDown UIInterfaceOrientationLandscapeLeft UIInterfaceOrientationLandscapeRight";
				INFOPLIST_KEY_UISupportedInterfaceOrientations_iPhone = "UIInterfaceOrientationPortrait UIInterfaceOrientationLandscapeLeft UIInterfaceOrientationLandscapeRight";
				LD_RUNPATH_SEARCH_PATHS = (
					"$(inherited)",
					"@executable_path/Frameworks",
				);
				MARKETING_VERSION = 1.0;
				PRODUCT_BUNDLE_IDENTIFIER = delight.me.radio;
				PRODUCT_NAME = "$(TARGET_NAME)";
				SWIFT_EMIT_LOC_STRINGS = YES;
				SWIFT_VERSION = 5.0;
				TARGETED_DEVICE_FAMILY = "1,2";
			};
			name = Release;
		};
/* End XCBuildConfiguration section */

/* Begin XCConfigurationList section */
		D359A75C2AD0509B004A292B /* Build configuration list for PBXProject "Radio" */ = {
			isa = XCConfigurationList;
			buildConfigurations = (
				D359A76D2AD0509C004A292B /* Debug */,
				D359A76E2AD0509C004A292B /* Release */,
			);
			defaultConfigurationIsVisible = 0;
			defaultConfigurationName = Release;
		};
		D359A76F2AD0509C004A292B /* Build configuration list for PBXNativeTarget "Radio" */ = {
			isa = XCConfigurationList;
			buildConfigurations = (
				D359A7702AD0509C004A292B /* Debug */,
				D359A7712AD0509C004A292B /* Release */,
			);
			defaultConfigurationIsVisible = 0;
			defaultConfigurationName = Release;
		};
/* End XCConfigurationList section */

/* Begin XCRemoteSwiftPackageReference section */
		D38C155E2AD0D22A009E831D /* XCRemoteSwiftPackageReference "SimpleCodableMacro" */ = {
			isa = XCRemoteSwiftPackageReference;
			repositoryURL = "https://github.com/Events-Mate-Apps/SimpleCodableMacro";
			requirement = {
				kind = upToNextMajorVersion;
				minimumVersion = 0.0.1;
			};
		};
/* End XCRemoteSwiftPackageReference section */

/* Begin XCSwiftPackageProductDependency section */
		D38C155F2AD0D22A009E831D /* SimpleCodable */ = {
			isa = XCSwiftPackageProductDependency;
			package = D38C155E2AD0D22A009E831D /* XCRemoteSwiftPackageReference "SimpleCodableMacro" */;
			productName = SimpleCodable;
		};
		D38C15612AD0D22A009E831D /* SimpleCodableClient */ = {
			isa = XCSwiftPackageProductDependency;
			package = D38C155E2AD0D22A009E831D /* XCRemoteSwiftPackageReference "SimpleCodableMacro" */;
			productName = SimpleCodableClient;
		};
/* End XCSwiftPackageProductDependency section */
	};
	rootObject = D359A7592AD0509B004A292B /* Project object */;
}
