{
  "originHash" : "e233116c2090beadc1a1c478169076dfd95f08209768cd67c7d014e53c7da3cc",
  "pins" : [
    {
      "identity" : "simplecodablemacro",
      "kind" : "remoteSourceControl",
      "location" : "https://github.com/Events-Mate-Apps/SimpleCodableMacro",
      "state" : {
        "revision" : "96600a9ffdd5378c6114b9d599e22af51e233842",
        "version" : "0.0.1"
      }
    },
    {
      "identity" : "swift-syntax",
      "kind" : "remoteSourceControl",
      "location" : "https://github.com/apple/swift-syntax.git",
      "state" : {
        "revision" : "74203046135342e4a4a627476dd6caf8b28fe11b",
        "version" : "509.0.0"
      }
    }
  ],
  "version" : 3
}
